
Microsoft Visual Studio Solution File, Format Version 12.00
# Visual Studio 14
VisualStudioVersion = 14.0.25420.1
MinimumVisualStudioVersion = 10.0.40219.1
Project("{FAE04EC0-301F-11D3-BF4B-00C04F79EFBC}") = "RockMvvmForms", "RockMvvmForms\RockMvvmForms.csproj", "{7A1FB14F-425A-48AE-9480-FCC7F906AA10}"
EndProject
Project("{2150E333-8FDC-42A3-9474-1A3956D46DE8}") = "Sample", "Sample", "{7C35AAE3-4B9F-4A5A-9A57-DC071976ED3D}"
EndProject
Project("{FAE04EC0-301F-11D3-BF4B-00C04F79EFBC}") = "MarvelRockSample", "MarvelRockSample\MarvelRockSample.csproj", "{79F1CDFB-C104-4F4C-8889-B447808B6289}"
EndProject
Project("{FAE04EC0-301F-11D3-BF4B-00C04F79EFBC}") = "MarvelRockSample.iOS", "iOS\MarvelRockSample.iOS.csproj", "{E2A24F98-B8AE-4518-A993-12F2E174D273}"
EndProject
Project("{FAE04EC0-301F-11D3-BF4B-00C04F79EFBC}") = "MarvelRockSample.Droid", "Droid\MarvelRockSample.Droid.csproj", "{9E0B1B54-1033-4ED2-B1F9-1EC90FBB3E9F}"
EndProject
Project("{2150E333-8FDC-42A3-9474-1A3956D46DE8}") = "Tests", "Tests", "{2889ED90-B1A7-4F55-834C-D92BF409E9A7}"
EndProject
Project("{FAE04EC0-301F-11D3-BF4B-00C04F79EFBC}") = "MarvelRockSample.UITests", "UITests\MarvelRockSample.UITests.csproj", "{56A7743A-7FD3-4E83-AD65-A489C835EACE}"
EndProject
Project("{FAE04EC0-301F-11D3-BF4B-00C04F79EFBC}") = "MarvelRockSample.Test", "MarvelRockSample.Test\MarvelRockSample.Test.csproj", "{BF1BEA95-437C-4255-899F-57E7CBE2A434}"
EndProject
Project("{2150E333-8FDC-42A3-9474-1A3956D46DE8}") = "Solution Items", "Solution Items", "{598BF38C-60CD-4DEB-9416-5C1BB13CC0C7}"
	ProjectSection(SolutionItems) = preProject
		LICENSE.md = LICENSE.md
		README.md = README.md
	EndProjectSection
EndProject
Project("{FAE04EC0-301F-11D3-BF4B-00C04F79EFBC}") = "MarvelRockSample.UWP", "MarvelRockSample.UWP\MarvelRockSample.UWP.csproj", "{676139FB-FA12-435B-975E-8F1C9F8C972F}"
EndProject
Global
	GlobalSection(SolutionConfigurationPlatforms) = preSolution
		Debug|Any CPU = Debug|Any CPU
		Debug|ARM = Debug|ARM
		Debug|iPhone = Debug|iPhone
		Debug|iPhoneSimulator = Debug|iPhoneSimulator
		Debug|x64 = Debug|x64
		Debug|x86 = Debug|x86
		Design|Any CPU = Design|Any CPU
		Design|ARM = Design|ARM
		Design|iPhone = Design|iPhone
		Design|iPhoneSimulator = Design|iPhoneSimulator
		Design|x64 = Design|x64
		Design|x86 = Design|x86
		Release|Any CPU = Release|Any CPU
		Release|ARM = Release|ARM
		Release|iPhone = Release|iPhone
		Release|iPhoneSimulator = Release|iPhoneSimulator
		Release|x64 = Release|x64
		Release|x86 = Release|x86
	EndGlobalSection
	GlobalSection(ProjectConfigurationPlatforms) = postSolution
		{7A1FB14F-425A-48AE-9480-FCC7F906AA10}.Debug|Any CPU.ActiveCfg = Debug|Any CPU
		{7A1FB14F-425A-48AE-9480-FCC7F906AA10}.Debug|Any CPU.Build.0 = Debug|Any CPU
		{7A1FB14F-425A-48AE-9480-FCC7F906AA10}.Debug|ARM.ActiveCfg = Debug|Any CPU
		{7A1FB14F-425A-48AE-9480-FCC7F906AA10}.Debug|ARM.Build.0 = Debug|Any CPU
		{7A1FB14F-425A-48AE-9480-FCC7F906AA10}.Debug|iPhone.ActiveCfg = Debug|Any CPU
		{7A1FB14F-425A-48AE-9480-FCC7F906AA10}.Debug|iPhone.Build.0 = Debug|Any CPU
		{7A1FB14F-425A-48AE-9480-FCC7F906AA10}.Debug|iPhoneSimulator.ActiveCfg = Debug|Any CPU
		{7A1FB14F-425A-48AE-9480-FCC7F906AA10}.Debug|iPhoneSimulator.Build.0 = Debug|Any CPU
		{7A1FB14F-425A-48AE-9480-FCC7F906AA10}.Debug|x64.ActiveCfg = Debug|Any CPU
		{7A1FB14F-425A-48AE-9480-FCC7F906AA10}.Debug|x64.Build.0 = Debug|Any CPU
		{7A1FB14F-425A-48AE-9480-FCC7F906AA10}.Debug|x86.ActiveCfg = Debug|Any CPU
		{7A1FB14F-425A-48AE-9480-FCC7F906AA10}.Debug|x86.Build.0 = Debug|Any CPU
		{7A1FB14F-425A-48AE-9480-FCC7F906AA10}.Design|Any CPU.ActiveCfg = Design|Any CPU
		{7A1FB14F-425A-48AE-9480-FCC7F906AA10}.Design|Any CPU.Build.0 = Design|Any CPU
		{7A1FB14F-425A-48AE-9480-FCC7F906AA10}.Design|ARM.ActiveCfg = Design|Any CPU
		{7A1FB14F-425A-48AE-9480-FCC7F906AA10}.Design|ARM.Build.0 = Design|Any CPU
		{7A1FB14F-425A-48AE-9480-FCC7F906AA10}.Design|iPhone.ActiveCfg = Design|Any CPU
		{7A1FB14F-425A-48AE-9480-FCC7F906AA10}.Design|iPhoneSimulator.ActiveCfg = Design|Any CPU
		{7A1FB14F-425A-48AE-9480-FCC7F906AA10}.Design|x64.ActiveCfg = Design|Any CPU
		{7A1FB14F-425A-48AE-9480-FCC7F906AA10}.Design|x64.Build.0 = Design|Any CPU
		{7A1FB14F-425A-48AE-9480-FCC7F906AA10}.Design|x86.ActiveCfg = Design|Any CPU
		{7A1FB14F-425A-48AE-9480-FCC7F906AA10}.Design|x86.Build.0 = Design|Any CPU
		{7A1FB14F-425A-48AE-9480-FCC7F906AA10}.Release|Any CPU.ActiveCfg = Release|Any CPU
		{7A1FB14F-425A-48AE-9480-FCC7F906AA10}.Release|Any CPU.Build.0 = Release|Any CPU
		{7A1FB14F-425A-48AE-9480-FCC7F906AA10}.Release|ARM.ActiveCfg = Release|Any CPU
		{7A1FB14F-425A-48AE-9480-FCC7F906AA10}.Release|ARM.Build.0 = Release|Any CPU
		{7A1FB14F-425A-48AE-9480-FCC7F906AA10}.Release|iPhone.ActiveCfg = Release|Any CPU
		{7A1FB14F-425A-48AE-9480-FCC7F906AA10}.Release|iPhone.Build.0 = Release|Any CPU
		{7A1FB14F-425A-48AE-9480-FCC7F906AA10}.Release|iPhoneSimulator.ActiveCfg = Release|Any CPU
		{7A1FB14F-425A-48AE-9480-FCC7F906AA10}.Release|iPhoneSimulator.Build.0 = Release|Any CPU
		{7A1FB14F-425A-48AE-9480-FCC7F906AA10}.Release|x64.ActiveCfg = Release|Any CPU
		{7A1FB14F-425A-48AE-9480-FCC7F906AA10}.Release|x64.Build.0 = Release|Any CPU
		{7A1FB14F-425A-48AE-9480-FCC7F906AA10}.Release|x86.ActiveCfg = Release|Any CPU
		{7A1FB14F-425A-48AE-9480-FCC7F906AA10}.Release|x86.Build.0 = Release|Any CPU
		{79F1CDFB-C104-4F4C-8889-B447808B6289}.Debug|Any CPU.ActiveCfg = Debug|Any CPU
		{79F1CDFB-C104-4F4C-8889-B447808B6289}.Debug|Any CPU.Build.0 = Debug|Any CPU
		{79F1CDFB-C104-4F4C-8889-B447808B6289}.Debug|ARM.ActiveCfg = Debug|Any CPU
		{79F1CDFB-C104-4F4C-8889-B447808B6289}.Debug|ARM.Build.0 = Debug|Any CPU
		{79F1CDFB-C104-4F4C-8889-B447808B6289}.Debug|iPhone.ActiveCfg = Debug|Any CPU
		{79F1CDFB-C104-4F4C-8889-B447808B6289}.Debug|iPhone.Build.0 = Debug|Any CPU
		{79F1CDFB-C104-4F4C-8889-B447808B6289}.Debug|iPhoneSimulator.ActiveCfg = Debug|Any CPU
		{79F1CDFB-C104-4F4C-8889-B447808B6289}.Debug|iPhoneSimulator.Build.0 = Debug|Any CPU
		{79F1CDFB-C104-4F4C-8889-B447808B6289}.Debug|x64.ActiveCfg = Debug|Any CPU
		{79F1CDFB-C104-4F4C-8889-B447808B6289}.Debug|x64.Build.0 = Debug|Any CPU
		{79F1CDFB-C104-4F4C-8889-B447808B6289}.Debug|x86.ActiveCfg = Debug|Any CPU
		{79F1CDFB-C104-4F4C-8889-B447808B6289}.Debug|x86.Build.0 = Debug|Any CPU
		{79F1CDFB-C104-4F4C-8889-B447808B6289}.Design|Any CPU.ActiveCfg = Design|Any CPU
		{79F1CDFB-C104-4F4C-8889-B447808B6289}.Design|Any CPU.Build.0 = Design|Any CPU
		{79F1CDFB-C104-4F4C-8889-B447808B6289}.Design|ARM.ActiveCfg = Design|Any CPU
		{79F1CDFB-C104-4F4C-8889-B447808B6289}.Design|ARM.Build.0 = Design|Any CPU
		{79F1CDFB-C104-4F4C-8889-B447808B6289}.Design|iPhone.ActiveCfg = Design|Any CPU
		{79F1CDFB-C104-4F4C-8889-B447808B6289}.Design|iPhoneSimulator.ActiveCfg = Design|Any CPU
		{79F1CDFB-C104-4F4C-8889-B447808B6289}.Design|x64.ActiveCfg = Design|Any CPU
		{79F1CDFB-C104-4F4C-8889-B447808B6289}.Design|x64.Build.0 = Design|Any CPU
		{79F1CDFB-C104-4F4C-8889-B447808B6289}.Design|x86.ActiveCfg = Design|Any CPU
		{79F1CDFB-C104-4F4C-8889-B447808B6289}.Design|x86.Build.0 = Design|Any CPU
		{79F1CDFB-C104-4F4C-8889-B447808B6289}.Release|Any CPU.ActiveCfg = Release|Any CPU
		{79F1CDFB-C104-4F4C-8889-B447808B6289}.Release|Any CPU.Build.0 = Release|Any CPU
		{79F1CDFB-C104-4F4C-8889-B447808B6289}.Release|ARM.ActiveCfg = Release|Any CPU
		{79F1CDFB-C104-4F4C-8889-B447808B6289}.Release|ARM.Build.0 = Release|Any CPU
		{79F1CDFB-C104-4F4C-8889-B447808B6289}.Release|iPhone.ActiveCfg = Release|Any CPU
		{79F1CDFB-C104-4F4C-8889-B447808B6289}.Release|iPhone.Build.0 = Release|Any CPU
		{79F1CDFB-C104-4F4C-8889-B447808B6289}.Release|iPhoneSimulator.ActiveCfg = Release|Any CPU
		{79F1CDFB-C104-4F4C-8889-B447808B6289}.Release|iPhoneSimulator.Build.0 = Release|Any CPU
		{79F1CDFB-C104-4F4C-8889-B447808B6289}.Release|x64.ActiveCfg = Release|Any CPU
		{79F1CDFB-C104-4F4C-8889-B447808B6289}.Release|x64.Build.0 = Release|Any CPU
		{79F1CDFB-C104-4F4C-8889-B447808B6289}.Release|x86.ActiveCfg = Release|Any CPU
		{79F1CDFB-C104-4F4C-8889-B447808B6289}.Release|x86.Build.0 = Release|Any CPU
		{E2A24F98-B8AE-4518-A993-12F2E174D273}.Debug|Any CPU.ActiveCfg = Debug|iPhoneSimulator
		{E2A24F98-B8AE-4518-A993-12F2E174D273}.Debug|Any CPU.Build.0 = Debug|iPhoneSimulator
		{E2A24F98-B8AE-4518-A993-12F2E174D273}.Debug|ARM.ActiveCfg = Debug|Any CPU
		{E2A24F98-B8AE-4518-A993-12F2E174D273}.Debug|ARM.Build.0 = Debug|Any CPU
		{E2A24F98-B8AE-4518-A993-12F2E174D273}.Debug|iPhone.ActiveCfg = Debug|iPhone
		{E2A24F98-B8AE-4518-A993-12F2E174D273}.Debug|iPhone.Build.0 = Debug|iPhone
		{E2A24F98-B8AE-4518-A993-12F2E174D273}.Debug|iPhoneSimulator.ActiveCfg = Debug|iPhoneSimulator
		{E2A24F98-B8AE-4518-A993-12F2E174D273}.Debug|iPhoneSimulator.Build.0 = Debug|iPhoneSimulator
		{E2A24F98-B8AE-4518-A993-12F2E174D273}.Debug|x64.ActiveCfg = Debug|Any CPU
		{E2A24F98-B8AE-4518-A993-12F2E174D273}.Debug|x64.Build.0 = Debug|Any CPU
		{E2A24F98-B8AE-4518-A993-12F2E174D273}.Debug|x86.ActiveCfg = Debug|Any CPU
		{E2A24F98-B8AE-4518-A993-12F2E174D273}.Debug|x86.Build.0 = Debug|Any CPU
		{E2A24F98-B8AE-4518-A993-12F2E174D273}.Design|Any CPU.ActiveCfg = Design|iPhoneSimulator
		{E2A24F98-B8AE-4518-A993-12F2E174D273}.Design|Any CPU.Build.0 = Design|iPhoneSimulator
		{E2A24F98-B8AE-4518-A993-12F2E174D273}.Design|ARM.ActiveCfg = Design|Any CPU
		{E2A24F98-B8AE-4518-A993-12F2E174D273}.Design|ARM.Build.0 = Design|Any CPU
		{E2A24F98-B8AE-4518-A993-12F2E174D273}.Design|iPhone.ActiveCfg = Design|iPhoneSimulator
		{E2A24F98-B8AE-4518-A993-12F2E174D273}.Design|iPhoneSimulator.ActiveCfg = Design|iPhoneSimulator
		{E2A24F98-B8AE-4518-A993-12F2E174D273}.Design|x64.ActiveCfg = Design|Any CPU
		{E2A24F98-B8AE-4518-A993-12F2E174D273}.Design|x64.Build.0 = Design|Any CPU
		{E2A24F98-B8AE-4518-A993-12F2E174D273}.Design|x86.ActiveCfg = Design|Any CPU
		{E2A24F98-B8AE-4518-A993-12F2E174D273}.Design|x86.Build.0 = Design|Any CPU
		{E2A24F98-B8AE-4518-A993-12F2E174D273}.Release|Any CPU.ActiveCfg = Release|iPhone
		{E2A24F98-B8AE-4518-A993-12F2E174D273}.Release|Any CPU.Build.0 = Release|iPhone
		{E2A24F98-B8AE-4518-A993-12F2E174D273}.Release|ARM.ActiveCfg = Release|Any CPU
		{E2A24F98-B8AE-4518-A993-12F2E174D273}.Release|ARM.Build.0 = Release|Any CPU
		{E2A24F98-B8AE-4518-A993-12F2E174D273}.Release|iPhone.ActiveCfg = Release|iPhone
		{E2A24F98-B8AE-4518-A993-12F2E174D273}.Release|iPhone.Build.0 = Release|iPhone
		{E2A24F98-B8AE-4518-A993-12F2E174D273}.Release|iPhoneSimulator.ActiveCfg = Release|iPhoneSimulator
		{E2A24F98-B8AE-4518-A993-12F2E174D273}.Release|iPhoneSimulator.Build.0 = Release|iPhoneSimulator
		{E2A24F98-B8AE-4518-A993-12F2E174D273}.Release|x64.ActiveCfg = Release|Any CPU
		{E2A24F98-B8AE-4518-A993-12F2E174D273}.Release|x64.Build.0 = Release|Any CPU
		{E2A24F98-B8AE-4518-A993-12F2E174D273}.Release|x86.ActiveCfg = Release|Any CPU
		{E2A24F98-B8AE-4518-A993-12F2E174D273}.Release|x86.Build.0 = Release|Any CPU
		{9E0B1B54-1033-4ED2-B1F9-1EC90FBB3E9F}.Debug|Any CPU.ActiveCfg = Debug|Any CPU
		{9E0B1B54-1033-4ED2-B1F9-1EC90FBB3E9F}.Debug|Any CPU.Build.0 = Debug|Any CPU
		{9E0B1B54-1033-4ED2-B1F9-1EC90FBB3E9F}.Debug|ARM.ActiveCfg = Debug|Any CPU
		{9E0B1B54-1033-4ED2-B1F9-1EC90FBB3E9F}.Debug|ARM.Build.0 = Debug|Any CPU
		{9E0B1B54-1033-4ED2-B1F9-1EC90FBB3E9F}.Debug|ARM.Deploy.0 = Debug|Any CPU
		{9E0B1B54-1033-4ED2-B1F9-1EC90FBB3E9F}.Debug|iPhone.ActiveCfg = Debug|Any CPU
		{9E0B1B54-1033-4ED2-B1F9-1EC90FBB3E9F}.Debug|iPhone.Build.0 = Debug|Any CPU
		{9E0B1B54-1033-4ED2-B1F9-1EC90FBB3E9F}.Debug|iPhoneSimulator.ActiveCfg = Debug|Any CPU
		{9E0B1B54-1033-4ED2-B1F9-1EC90FBB3E9F}.Debug|iPhoneSimulator.Build.0 = Debug|Any CPU
		{9E0B1B54-1033-4ED2-B1F9-1EC90FBB3E9F}.Debug|x64.ActiveCfg = Debug|Any CPU
		{9E0B1B54-1033-4ED2-B1F9-1EC90FBB3E9F}.Debug|x64.Build.0 = Debug|Any CPU
		{9E0B1B54-1033-4ED2-B1F9-1EC90FBB3E9F}.Debug|x64.Deploy.0 = Debug|Any CPU
		{9E0B1B54-1033-4ED2-B1F9-1EC90FBB3E9F}.Debug|x86.ActiveCfg = Debug|Any CPU
		{9E0B1B54-1033-4ED2-B1F9-1EC90FBB3E9F}.Debug|x86.Build.0 = Debug|Any CPU
		{9E0B1B54-1033-4ED2-B1F9-1EC90FBB3E9F}.Debug|x86.Deploy.0 = Debug|Any CPU
		{9E0B1B54-1033-4ED2-B1F9-1EC90FBB3E9F}.Design|Any CPU.ActiveCfg = Design|Any CPU
		{9E0B1B54-1033-4ED2-B1F9-1EC90FBB3E9F}.Design|Any CPU.Build.0 = Design|Any CPU
		{9E0B1B54-1033-4ED2-B1F9-1EC90FBB3E9F}.Design|ARM.ActiveCfg = Design|Any CPU
		{9E0B1B54-1033-4ED2-B1F9-1EC90FBB3E9F}.Design|ARM.Build.0 = Design|Any CPU
		{9E0B1B54-1033-4ED2-B1F9-1EC90FBB3E9F}.Design|ARM.Deploy.0 = Design|Any CPU
		{9E0B1B54-1033-4ED2-B1F9-1EC90FBB3E9F}.Design|iPhone.ActiveCfg = Design|Any CPU
		{9E0B1B54-1033-4ED2-B1F9-1EC90FBB3E9F}.Design|iPhoneSimulator.ActiveCfg = Design|Any CPU
		{9E0B1B54-1033-4ED2-B1F9-1EC90FBB3E9F}.Design|x64.ActiveCfg = Design|Any CPU
		{9E0B1B54-1033-4ED2-B1F9-1EC90FBB3E9F}.Design|x64.Build.0 = Design|Any CPU
		{9E0B1B54-1033-4ED2-B1F9-1EC90FBB3E9F}.Design|x64.Deploy.0 = Design|Any CPU
		{9E0B1B54-1033-4ED2-B1F9-1EC90FBB3E9F}.Design|x86.ActiveCfg = Design|Any CPU
		{9E0B1B54-1033-4ED2-B1F9-1EC90FBB3E9F}.Design|x86.Build.0 = Design|Any CPU
		{9E0B1B54-1033-4ED2-B1F9-1EC90FBB3E9F}.Design|x86.Deploy.0 = Design|Any CPU
		{9E0B1B54-1033-4ED2-B1F9-1EC90FBB3E9F}.Release|Any CPU.ActiveCfg = Release|Any CPU
		{9E0B1B54-1033-4ED2-B1F9-1EC90FBB3E9F}.Release|Any CPU.Build.0 = Release|Any CPU
		{9E0B1B54-1033-4ED2-B1F9-1EC90FBB3E9F}.Release|ARM.ActiveCfg = Release|Any CPU
		{9E0B1B54-1033-4ED2-B1F9-1EC90FBB3E9F}.Release|ARM.Build.0 = Release|Any CPU
		{9E0B1B54-1033-4ED2-B1F9-1EC90FBB3E9F}.Release|ARM.Deploy.0 = Release|Any CPU
		{9E0B1B54-1033-4ED2-B1F9-1EC90FBB3E9F}.Release|iPhone.ActiveCfg = Release|Any CPU
		{9E0B1B54-1033-4ED2-B1F9-1EC90FBB3E9F}.Release|iPhone.Build.0 = Release|Any CPU
		{9E0B1B54-1033-4ED2-B1F9-1EC90FBB3E9F}.Release|iPhoneSimulator.ActiveCfg = Release|Any CPU
		{9E0B1B54-1033-4ED2-B1F9-1EC90FBB3E9F}.Release|iPhoneSimulator.Build.0 = Release|Any CPU
		{9E0B1B54-1033-4ED2-B1F9-1EC90FBB3E9F}.Release|x64.ActiveCfg = Release|Any CPU
		{9E0B1B54-1033-4ED2-B1F9-1EC90FBB3E9F}.Release|x64.Build.0 = Release|Any CPU
		{9E0B1B54-1033-4ED2-B1F9-1EC90FBB3E9F}.Release|x64.Deploy.0 = Release|Any CPU
		{9E0B1B54-1033-4ED2-B1F9-1EC90FBB3E9F}.Release|x86.ActiveCfg = Release|Any CPU
		{9E0B1B54-1033-4ED2-B1F9-1EC90FBB3E9F}.Release|x86.Build.0 = Release|Any CPU
		{9E0B1B54-1033-4ED2-B1F9-1EC90FBB3E9F}.Release|x86.Deploy.0 = Release|Any CPU
		{56A7743A-7FD3-4E83-AD65-A489C835EACE}.Debug|Any CPU.ActiveCfg = Debug|Any CPU
		{56A7743A-7FD3-4E83-AD65-A489C835EACE}.Debug|Any CPU.Build.0 = Debug|Any CPU
		{56A7743A-7FD3-4E83-AD65-A489C835EACE}.Debug|ARM.ActiveCfg = Debug|Any CPU
		{56A7743A-7FD3-4E83-AD65-A489C835EACE}.Debug|ARM.Build.0 = Debug|Any CPU
		{56A7743A-7FD3-4E83-AD65-A489C835EACE}.Debug|iPhone.ActiveCfg = Debug|Any CPU
		{56A7743A-7FD3-4E83-AD65-A489C835EACE}.Debug|iPhone.Build.0 = Debug|Any CPU
		{56A7743A-7FD3-4E83-AD65-A489C835EACE}.Debug|iPhoneSimulator.ActiveCfg = Debug|Any CPU
		{56A7743A-7FD3-4E83-AD65-A489C835EACE}.Debug|iPhoneSimulator.Build.0 = Debug|Any CPU
		{56A7743A-7FD3-4E83-AD65-A489C835EACE}.Debug|x64.ActiveCfg = Debug|Any CPU
		{56A7743A-7FD3-4E83-AD65-A489C835EACE}.Debug|x64.Build.0 = Debug|Any CPU
		{56A7743A-7FD3-4E83-AD65-A489C835EACE}.Debug|x86.ActiveCfg = Debug|Any CPU
		{56A7743A-7FD3-4E83-AD65-A489C835EACE}.Debug|x86.Build.0 = Debug|Any CPU
		{56A7743A-7FD3-4E83-AD65-A489C835EACE}.Design|Any CPU.ActiveCfg = Design|Any CPU
		{56A7743A-7FD3-4E83-AD65-A489C835EACE}.Design|Any CPU.Build.0 = Design|Any CPU
		{56A7743A-7FD3-4E83-AD65-A489C835EACE}.Design|ARM.ActiveCfg = Design|Any CPU
		{56A7743A-7FD3-4E83-AD65-A489C835EACE}.Design|ARM.Build.0 = Design|Any CPU
		{56A7743A-7FD3-4E83-AD65-A489C835EACE}.Design|iPhone.ActiveCfg = Design|Any CPU
		{56A7743A-7FD3-4E83-AD65-A489C835EACE}.Design|iPhoneSimulator.ActiveCfg = Design|Any CPU
		{56A7743A-7FD3-4E83-AD65-A489C835EACE}.Design|x64.ActiveCfg = Design|Any CPU
		{56A7743A-7FD3-4E83-AD65-A489C835EACE}.Design|x64.Build.0 = Design|Any CPU
		{56A7743A-7FD3-4E83-AD65-A489C835EACE}.Design|x86.ActiveCfg = Design|Any CPU
		{56A7743A-7FD3-4E83-AD65-A489C835EACE}.Design|x86.Build.0 = Design|Any CPU
		{56A7743A-7FD3-4E83-AD65-A489C835EACE}.Release|Any CPU.ActiveCfg = Release|Any CPU
		{56A7743A-7FD3-4E83-AD65-A489C835EACE}.Release|Any CPU.Build.0 = Release|Any CPU
		{56A7743A-7FD3-4E83-AD65-A489C835EACE}.Release|ARM.ActiveCfg = Release|Any CPU
		{56A7743A-7FD3-4E83-AD65-A489C835EACE}.Release|ARM.Build.0 = Release|Any CPU
		{56A7743A-7FD3-4E83-AD65-A489C835EACE}.Release|iPhone.ActiveCfg = Release|Any CPU
		{56A7743A-7FD3-4E83-AD65-A489C835EACE}.Release|iPhone.Build.0 = Release|Any CPU
		{56A7743A-7FD3-4E83-AD65-A489C835EACE}.Release|iPhoneSimulator.ActiveCfg = Release|Any CPU
		{56A7743A-7FD3-4E83-AD65-A489C835EACE}.Release|iPhoneSimulator.Build.0 = Release|Any CPU
		{56A7743A-7FD3-4E83-AD65-A489C835EACE}.Release|x64.ActiveCfg = Release|Any CPU
		{56A7743A-7FD3-4E83-AD65-A489C835EACE}.Release|x64.Build.0 = Release|Any CPU
		{56A7743A-7FD3-4E83-AD65-A489C835EACE}.Release|x86.ActiveCfg = Release|Any CPU
		{56A7743A-7FD3-4E83-AD65-A489C835EACE}.Release|x86.Build.0 = Release|Any CPU
		{BF1BEA95-437C-4255-899F-57E7CBE2A434}.Debug|Any CPU.ActiveCfg = Debug|Any CPU
		{BF1BEA95-437C-4255-899F-57E7CBE2A434}.Debug|Any CPU.Build.0 = Debug|Any CPU
		{BF1BEA95-437C-4255-899F-57E7CBE2A434}.Debug|ARM.ActiveCfg = Debug|Any CPU
		{BF1BEA95-437C-4255-899F-57E7CBE2A434}.Debug|ARM.Build.0 = Debug|Any CPU
		{BF1BEA95-437C-4255-899F-57E7CBE2A434}.Debug|iPhone.ActiveCfg = Debug|Any CPU
		{BF1BEA95-437C-4255-899F-57E7CBE2A434}.Debug|iPhone.Build.0 = Debug|Any CPU
		{BF1BEA95-437C-4255-899F-57E7CBE2A434}.Debug|iPhoneSimulator.ActiveCfg = Debug|Any CPU
		{BF1BEA95-437C-4255-899F-57E7CBE2A434}.Debug|iPhoneSimulator.Build.0 = Debug|Any CPU
		{BF1BEA95-437C-4255-899F-57E7CBE2A434}.Debug|x64.ActiveCfg = Debug|Any CPU
		{BF1BEA95-437C-4255-899F-57E7CBE2A434}.Debug|x64.Build.0 = Debug|Any CPU
		{BF1BEA95-437C-4255-899F-57E7CBE2A434}.Debug|x86.ActiveCfg = Debug|Any CPU
		{BF1BEA95-437C-4255-899F-57E7CBE2A434}.Debug|x86.Build.0 = Debug|Any CPU
		{BF1BEA95-437C-4255-899F-57E7CBE2A434}.Design|Any CPU.ActiveCfg = Release|Any CPU
		{BF1BEA95-437C-4255-899F-57E7CBE2A434}.Design|Any CPU.Build.0 = Release|Any CPU
		{BF1BEA95-437C-4255-899F-57E7CBE2A434}.Design|ARM.ActiveCfg = Debug|Any CPU
		{BF1BEA95-437C-4255-899F-57E7CBE2A434}.Design|ARM.Build.0 = Debug|Any CPU
		{BF1BEA95-437C-4255-899F-57E7CBE2A434}.Design|iPhone.ActiveCfg = Debug|Any CPU
		{BF1BEA95-437C-4255-899F-57E7CBE2A434}.Design|iPhoneSimulator.ActiveCfg = Debug|Any CPU
		{BF1BEA95-437C-4255-899F-57E7CBE2A434}.Design|x64.ActiveCfg = Debug|Any CPU
		{BF1BEA95-437C-4255-899F-57E7CBE2A434}.Design|x64.Build.0 = Debug|Any CPU
		{BF1BEA95-437C-4255-899F-57E7CBE2A434}.Design|x86.ActiveCfg = Debug|Any CPU
		{BF1BEA95-437C-4255-899F-57E7CBE2A434}.Design|x86.Build.0 = Debug|Any CPU
		{BF1BEA95-437C-4255-899F-57E7CBE2A434}.Release|Any CPU.ActiveCfg = Release|Any CPU
		{BF1BEA95-437C-4255-899F-57E7CBE2A434}.Release|Any CPU.Build.0 = Release|Any CPU
		{BF1BEA95-437C-4255-899F-57E7CBE2A434}.Release|ARM.ActiveCfg = Release|Any CPU
		{BF1BEA95-437C-4255-899F-57E7CBE2A434}.Release|ARM.Build.0 = Release|Any CPU
		{BF1BEA95-437C-4255-899F-57E7CBE2A434}.Release|iPhone.ActiveCfg = Release|Any CPU
		{BF1BEA95-437C-4255-899F-57E7CBE2A434}.Release|iPhone.Build.0 = Release|Any CPU
		{BF1BEA95-437C-4255-899F-57E7CBE2A434}.Release|iPhoneSimulator.ActiveCfg = Release|Any CPU
		{BF1BEA95-437C-4255-899F-57E7CBE2A434}.Release|iPhoneSimulator.Build.0 = Release|Any CPU
		{BF1BEA95-437C-4255-899F-57E7CBE2A434}.Release|x64.ActiveCfg = Release|Any CPU
		{BF1BEA95-437C-4255-899F-57E7CBE2A434}.Release|x64.Build.0 = Release|Any CPU
		{BF1BEA95-437C-4255-899F-57E7CBE2A434}.Release|x86.ActiveCfg = Release|Any CPU
		{BF1BEA95-437C-4255-899F-57E7CBE2A434}.Release|x86.Build.0 = Release|Any CPU
		{676139FB-FA12-435B-975E-8F1C9F8C972F}.Debug|Any CPU.ActiveCfg = Debug|x86
		{676139FB-FA12-435B-975E-8F1C9F8C972F}.Debug|Any CPU.Build.0 = Debug|x86
		{676139FB-FA12-435B-975E-8F1C9F8C972F}.Debug|Any CPU.Deploy.0 = Debug|x86
		{676139FB-FA12-435B-975E-8F1C9F8C972F}.Debug|ARM.ActiveCfg = Debug|ARM
		{676139FB-FA12-435B-975E-8F1C9F8C972F}.Debug|ARM.Build.0 = Debug|ARM
		{676139FB-FA12-435B-975E-8F1C9F8C972F}.Debug|ARM.Deploy.0 = Debug|ARM
		{676139FB-FA12-435B-975E-8F1C9F8C972F}.Debug|iPhone.ActiveCfg = Debug|x86
		{676139FB-FA12-435B-975E-8F1C9F8C972F}.Debug|iPhoneSimulator.ActiveCfg = Debug|x86
		{676139FB-FA12-435B-975E-8F1C9F8C972F}.Debug|x64.ActiveCfg = Debug|x64
		{676139FB-FA12-435B-975E-8F1C9F8C972F}.Debug|x64.Build.0 = Debug|x64
		{676139FB-FA12-435B-975E-8F1C9F8C972F}.Debug|x64.Deploy.0 = Debug|x64
		{676139FB-FA12-435B-975E-8F1C9F8C972F}.Debug|x86.ActiveCfg = Debug|x86
		{676139FB-FA12-435B-975E-8F1C9F8C972F}.Debug|x86.Build.0 = Debug|x86
		{676139FB-FA12-435B-975E-8F1C9F8C972F}.Debug|x86.Deploy.0 = Debug|x86
		{676139FB-FA12-435B-975E-8F1C9F8C972F}.Design|Any CPU.ActiveCfg = Release|x64
		{676139FB-FA12-435B-975E-8F1C9F8C972F}.Design|Any CPU.Build.0 = Release|x64
		{676139FB-FA12-435B-975E-8F1C9F8C972F}.Design|Any CPU.Deploy.0 = Release|x64
		{676139FB-FA12-435B-975E-8F1C9F8C972F}.Design|ARM.ActiveCfg = Debug|ARM
		{676139FB-FA12-435B-975E-8F1C9F8C972F}.Design|ARM.Build.0 = Debug|ARM
		{676139FB-FA12-435B-975E-8F1C9F8C972F}.Design|ARM.Deploy.0 = Debug|ARM
		{676139FB-FA12-435B-975E-8F1C9F8C972F}.Design|iPhone.ActiveCfg = Release|x64
		{676139FB-FA12-435B-975E-8F1C9F8C972F}.Design|iPhone.Build.0 = Release|x64
		{676139FB-FA12-435B-975E-8F1C9F8C972F}.Design|iPhone.Deploy.0 = Release|x64
		{676139FB-FA12-435B-975E-8F1C9F8C972F}.Design|iPhoneSimulator.ActiveCfg = Release|x64
		{676139FB-FA12-435B-975E-8F1C9F8C972F}.Design|iPhoneSimulator.Build.0 = Release|x64
		{676139FB-FA12-435B-975E-8F1C9F8C972F}.Design|iPhoneSimulator.Deploy.0 = Release|x64
		{676139FB-FA12-435B-975E-8F1C9F8C972F}.Design|x64.ActiveCfg = Debug|x64
		{676139FB-FA12-435B-975E-8F1C9F8C972F}.Design|x64.Build.0 = Debug|x64
		{676139FB-FA12-435B-975E-8F1C9F8C972F}.Design|x64.Deploy.0 = Debug|x64
		{676139FB-FA12-435B-975E-8F1C9F8C972F}.Design|x86.ActiveCfg = Debug|x86
		{676139FB-FA12-435B-975E-8F1C9F8C972F}.Design|x86.Build.0 = Debug|x86
		{676139FB-FA12-435B-975E-8F1C9F8C972F}.Design|x86.Deploy.0 = Debug|x86
		{676139FB-FA12-435B-975E-8F1C9F8C972F}.Release|Any CPU.ActiveCfg = Release|x86
		{676139FB-FA12-435B-975E-8F1C9F8C972F}.Release|ARM.ActiveCfg = Release|ARM
		{676139FB-FA12-435B-975E-8F1C9F8C972F}.Release|ARM.Build.0 = Release|ARM
		{676139FB-FA12-435B-975E-8F1C9F8C972F}.Release|ARM.Deploy.0 = Release|ARM
		{676139FB-FA12-435B-975E-8F1C9F8C972F}.Release|iPhone.ActiveCfg = Release|x86
		{676139FB-FA12-435B-975E-8F1C9F8C972F}.Release|iPhoneSimulator.ActiveCfg = Release|x86
		{676139FB-FA12-435B-975E-8F1C9F8C972F}.Release|x64.ActiveCfg = Release|x64
		{676139FB-FA12-435B-975E-8F1C9F8C972F}.Release|x64.Build.0 = Release|x64
		{676139FB-FA12-435B-975E-8F1C9F8C972F}.Release|x64.Deploy.0 = Release|x64
		{676139FB-FA12-435B-975E-8F1C9F8C972F}.Release|x86.ActiveCfg = Release|x86
		{676139FB-FA12-435B-975E-8F1C9F8C972F}.Release|x86.Build.0 = Release|x86
		{676139FB-FA12-435B-975E-8F1C9F8C972F}.Release|x86.Deploy.0 = Release|x86
	EndGlobalSection
	GlobalSection(SolutionProperties) = preSolution
		HideSolutionNode = FALSE
	EndGlobalSection
	GlobalSection(NestedProjects) = preSolution
		{79F1CDFB-C104-4F4C-8889-B447808B6289} = {7C35AAE3-4B9F-4A5A-9A57-DC071976ED3D}
		{E2A24F98-B8AE-4518-A993-12F2E174D273} = {7C35AAE3-4B9F-4A5A-9A57-DC071976ED3D}
		{9E0B1B54-1033-4ED2-B1F9-1EC90FBB3E9F} = {7C35AAE3-4B9F-4A5A-9A57-DC071976ED3D}
		{2889ED90-B1A7-4F55-834C-D92BF409E9A7} = {7C35AAE3-4B9F-4A5A-9A57-DC071976ED3D}
		{56A7743A-7FD3-4E83-AD65-A489C835EACE} = {2889ED90-B1A7-4F55-834C-D92BF409E9A7}
		{BF1BEA95-437C-4255-899F-57E7CBE2A434} = {2889ED90-B1A7-4F55-834C-D92BF409E9A7}
		{676139FB-FA12-435B-975E-8F1C9F8C972F} = {7C35AAE3-4B9F-4A5A-9A57-DC071976ED3D}
	EndGlobalSection
	GlobalSection(MonoDevelopProperties) = preSolution
		Policies = $0
		$0.NameConventionPolicy = $1
		$1.Rules = $2
		$2.NamingRule = $27
		$3.Name = Namespaces
		$3.AffectedEntity = Namespace
		$3.VisibilityMask = VisibilityMask
		$3.NamingStyle = PascalCase
		$3.IncludeInstanceMembers = True
		$3.IncludeStaticEntities = True
		$4.Name = Types
		$4.AffectedEntity = Class, Struct, Enum, Delegate
		$4.VisibilityMask = VisibilityMask
		$4.NamingStyle = PascalCase
		$4.IncludeInstanceMembers = True
		$4.IncludeStaticEntities = True
		$5.Name = Interfaces
		$5.RequiredPrefixes = $6
		$6.String = I
		$5.AffectedEntity = Interface
		$5.VisibilityMask = VisibilityMask
		$5.NamingStyle = PascalCase
		$5.IncludeInstanceMembers = True
		$5.IncludeStaticEntities = True
		$7.Name = Attributes
		$7.RequiredSuffixes = $8
		$8.String = Attribute
		$7.AffectedEntity = CustomAttributes
		$7.VisibilityMask = VisibilityMask
		$7.NamingStyle = PascalCase
		$7.IncludeInstanceMembers = True
		$7.IncludeStaticEntities = True
		$9.Name = Event Arguments
		$9.RequiredSuffixes = $10
		$10.String = EventArgs
		$9.AffectedEntity = CustomEventArgs
		$9.VisibilityMask = VisibilityMask
		$9.NamingStyle = PascalCase
		$9.IncludeInstanceMembers = True
		$9.IncludeStaticEntities = True
		$11.Name = Exceptions
		$11.RequiredSuffixes = $12
		$12.String = Exception
		$11.AffectedEntity = CustomExceptions
		$11.VisibilityMask = VisibilityMask
		$11.NamingStyle = PascalCase
		$11.IncludeInstanceMembers = True
		$11.IncludeStaticEntities = True
		$13.Name = Methods
		$13.AffectedEntity = Methods
		$13.VisibilityMask = VisibilityMask
		$13.NamingStyle = PascalCase
		$13.IncludeInstanceMembers = True
		$13.IncludeStaticEntities = True
		$14.Name = Static Readonly Fields
		$14.AffectedEntity = ReadonlyField
		$14.VisibilityMask = Internal, Protected, Public
		$14.NamingStyle = PascalCase
		$14.IncludeInstanceMembers = False
		$14.IncludeStaticEntities = True
		$15.Name = Fields (Non Private)
		$15.AffectedEntity = Field
		$15.VisibilityMask = Internal, Protected, Public
		$15.NamingStyle = PascalCase
		$15.IncludeInstanceMembers = True
		$15.IncludeStaticEntities = True
		$16.Name = ReadOnly Fields (Non Private)
		$16.AffectedEntity = ReadonlyField
		$16.VisibilityMask = Internal, Protected, Public
		$16.NamingStyle = PascalCase
		$16.IncludeInstanceMembers = True
		$16.IncludeStaticEntities = False
		$17.Name = Fields (Private)
		$17.AllowedPrefixes = $18
		$18.String = m_
		$17.AffectedEntity = Field, ReadonlyField
		$17.VisibilityMask = Private
		$17.NamingStyle = CamelCase
		$17.IncludeInstanceMembers = True
		$17.IncludeStaticEntities = False
		$19.Name = Static Fields (Private)
		$19.AffectedEntity = Field
		$19.VisibilityMask = Private
		$19.NamingStyle = CamelCase
		$19.IncludeInstanceMembers = False
		$19.IncludeStaticEntities = True
		$20.Name = ReadOnly Fields (Private)
		$20.AllowedPrefixes = $21
		$21.String = m_
		$20.AffectedEntity = ReadonlyField
		$20.VisibilityMask = Private
		$20.NamingStyle = CamelCase
		$20.IncludeInstanceMembers = True
		$20.IncludeStaticEntities = False
		$22.Name = Constant Fields
		$22.AffectedEntity = ConstantField
		$22.VisibilityMask = VisibilityMask
		$22.NamingStyle = PascalCase
		$22.IncludeInstanceMembers = True
		$22.IncludeStaticEntities = True
		$23.Name = Properties
		$23.AffectedEntity = Property
		$23.VisibilityMask = VisibilityMask
		$23.NamingStyle = PascalCase
		$23.IncludeInstanceMembers = True
		$23.IncludeStaticEntities = True
		$24.Name = Events
		$24.AffectedEntity = Event
		$24.VisibilityMask = VisibilityMask
		$24.NamingStyle = PascalCase
		$24.IncludeInstanceMembers = True
		$24.IncludeStaticEntities = True
		$25.Name = Enum Members
		$25.AffectedEntity = EnumMember
		$25.VisibilityMask = VisibilityMask
		$25.NamingStyle = PascalCase
		$25.IncludeInstanceMembers = True
		$25.IncludeStaticEntities = True
		$26.Name = Parameters
		$26.AffectedEntity = Parameter
		$26.VisibilityMask = VisibilityMask
		$26.NamingStyle = CamelCase
		$26.IncludeInstanceMembers = True
		$26.IncludeStaticEntities = True
		$27.Name = Type Parameters
		$27.RequiredPrefixes = $28
		$28.String = T
		$27.AffectedEntity = TypeParameter
		$27.VisibilityMask = VisibilityMask
		$27.NamingStyle = PascalCase
		$27.IncludeInstanceMembers = True
		$27.IncludeStaticEntities = True
	EndGlobalSection
EndGlobal
